
Microsoft Visual Studio Solution File, Format Version 12.00
# Visual Studio Version 17
VisualStudioVersion = 17.5.33424.131
MinimumVisualStudioVersion = 10.0.40219.1
Project("{9A19103F-16F7-4668-BE54-9A1E7A4F7556}") = "bai_1.4", "bai_1.4\bai_1.4.csproj", "{2AFE1A0B-7AAB-4E26-BA37-D96E9E58064C}"
EndProject
Project("{9A19103F-16F7-4668-BE54-9A1E7A4F7556}") = "bai_1.2", "bai_1.2\bai_1.2.csproj", "{ED0459A8-0573-42AA-81B4-5E708DB3D68D}"
EndProject
Project("{9A19103F-16F7-4668-BE54-9A1E7A4F7556}") = "bai_1.5", "bai_1.5\bai_1.5.csproj", "{035D10DF-3BE1-4D73-9B15-F45688ABBF21}"
EndProject
Project("{9A19103F-16F7-4668-BE54-9A1E7A4F7556}") = "bai_1.6", "bai_1.6\bai_1.6.csproj", "{D56C0C2D-69D3-4660-AAA0-9A9B8A04CDE8}"
EndProject
Project("{FAE04EC0-301F-11D3-BF4B-00C04F79EFBC}") = "bai_1.3", "bai_1.3\bai_1.3.csproj", "{9B3AB5A1-892F-4C66-AB93-32193B6C1D68}"
EndProject
Global
	GlobalSection(SolutionConfigurationPlatforms) = preSolution
		Debug|Any CPU = Debug|Any CPU
		Release|Any CPU = Release|Any CPU
	EndGlobalSection
	GlobalSection(ProjectConfigurationPlatforms) = postSolution
		{2AFE1A0B-7AAB-4E26-BA37-D96E9E58064C}.Debug|Any CPU.ActiveCfg = Debug|Any CPU
		{2AFE1A0B-7AAB-4E26-BA37-D96E9E58064C}.Debug|Any CPU.Build.0 = Debug|Any CPU
		{2AFE1A0B-7AAB-4E26-BA37-D96E9E58064C}.Release|Any CPU.ActiveCfg = Release|Any CPU
		{2AFE1A0B-7AAB-4E26-BA37-D96E9E58064C}.Release|Any CPU.Build.0 = Release|Any CPU
		{ED0459A8-0573-42AA-81B4-5E708DB3D68D}.Debug|Any CPU.ActiveCfg = Debug|Any CPU
		{ED0459A8-0573-42AA-81B4-5E708DB3D68D}.Debug|Any CPU.Build.0 = Debug|Any CPU
		{ED0459A8-0573-42AA-81B4-5E708DB3D68D}.Release|Any CPU.ActiveCfg = Release|Any CPU
		{ED0459A8-0573-42AA-81B4-5E708DB3D68D}.Release|Any CPU.Build.0 = Release|Any CPU
		{035D10DF-3BE1-4D73-9B15-F45688ABBF21}.Debug|Any CPU.ActiveCfg = Debug|Any CPU
		{035D10DF-3BE1-4D73-9B15-F45688ABBF21}.Debug|Any CPU.Build.0 = Debug|Any CPU
		{035D10DF-3BE1-4D73-9B15-F45688ABBF21}.Release|Any CPU.ActiveCfg = Release|Any CPU
		{035D10DF-3BE1-4D73-9B15-F45688ABBF21}.Release|Any CPU.Build.0 = Release|Any CPU
		{D56C0C2D-69D3-4660-AAA0-9A9B8A04CDE8}.Debug|Any CPU.ActiveCfg = Debug|Any CPU
		{D56C0C2D-69D3-4660-AAA0-9A9B8A04CDE8}.Debug|Any CPU.Build.0 = Debug|Any CPU
		{D56C0C2D-69D3-4660-AAA0-9A9B8A04CDE8}.Release|Any CPU.ActiveCfg = Release|Any CPU
		{D56C0C2D-69D3-4660-AAA0-9A9B8A04CDE8}.Release|Any CPU.Build.0 = Release|Any CPU
		{9B3AB5A1-892F-4C66-AB93-32193B6C1D68}.Debug|Any CPU.ActiveCfg = Debug|Any CPU
		{9B3AB5A1-892F-4C66-AB93-32193B6C1D68}.Debug|Any CPU.Build.0 = Debug|Any CPU
		{9B3AB5A1-892F-4C66-AB93-32193B6C1D68}.Release|Any CPU.ActiveCfg = Release|Any CPU
		{9B3AB5A1-892F-4C66-AB93-32193B6C1D68}.Release|Any CPU.Build.0 = Release|Any CPU
	EndGlobalSection
	GlobalSection(SolutionProperties) = preSolution
		HideSolutionNode = FALSE
	EndGlobalSection
	GlobalSection(ExtensibilityGlobals) = postSolution
		SolutionGuid = {AE146B7F-D119-461A-9207-C95F1ABC0618}
	EndGlobalSection
EndGlobal
